
Microsoft Visual Studio Solution File, Format Version 12.00
# Visual Studio Version 16
VisualStudioVersion = 16.0.29411.138
MinimumVisualStudioVersion = 10.0.40219.1
Project("{9A19103F-16F7-4668-BE54-9A1E7A4F7556}") = "ETZ", "ETZ\ETZ.csproj", "{C250FF04-7CD0-4799-BD0D-1499B1A90117}"
EndProject
Project("{2150E333-8FDC-42A3-9474-1A3956D46DE8}") = "Tests", "Tests", "{B5C67BB4-5F1A-4FA7-AF08-C1CAC7DFB9EC}"
EndProject
Project("{FAE04EC0-301F-11D3-BF4B-00C04F79EFBC}") = "ETZ.IntegrationTests.NUnit", "ETZ.IntegrationTests.NUnit\ETZ.IntegrationTests.NUnit.csproj", "{AE5906DE-0972-4FE2-A7B2-F9DC023F1775}"
EndProject
Project("{FAE04EC0-301F-11D3-BF4B-00C04F79EFBC}") = "ETZ.UnitTests.NUnit", "ETZ.UnitTests.NUnit\ETZ.UnitTests.NUnit.csproj", "{8821EF4F-6217-452D-86F4-452561F70925}"
EndProject
Global
	GlobalSection(SolutionConfigurationPlatforms) = preSolution
		Debug|Any CPU = Debug|Any CPU
		Release|Any CPU = Release|Any CPU
	EndGlobalSection
	GlobalSection(ProjectConfigurationPlatforms) = postSolution
		{C250FF04-7CD0-4799-BD0D-1499B1A90117}.Debug|Any CPU.ActiveCfg = Debug|Any CPU
		{C250FF04-7CD0-4799-BD0D-1499B1A90117}.Debug|Any CPU.Build.0 = Debug|Any CPU
		{C250FF04-7CD0-4799-BD0D-1499B1A90117}.Release|Any CPU.ActiveCfg = Release|Any CPU
		{C250FF04-7CD0-4799-BD0D-1499B1A90117}.Release|Any CPU.Build.0 = Release|Any CPU
		{AE5906DE-0972-4FE2-A7B2-F9DC023F1775}.Debug|Any CPU.ActiveCfg = Debug|Any CPU
		{AE5906DE-0972-4FE2-A7B2-F9DC023F1775}.Debug|Any CPU.Build.0 = Debug|Any CPU
		{AE5906DE-0972-4FE2-A7B2-F9DC023F1775}.Release|Any CPU.ActiveCfg = Release|Any CPU
		{AE5906DE-0972-4FE2-A7B2-F9DC023F1775}.Release|Any CPU.Build.0 = Release|Any CPU
		{8821EF4F-6217-452D-86F4-452561F70925}.Debug|Any CPU.ActiveCfg = Debug|Any CPU
		{8821EF4F-6217-452D-86F4-452561F70925}.Debug|Any CPU.Build.0 = Debug|Any CPU
		{8821EF4F-6217-452D-86F4-452561F70925}.Release|Any CPU.ActiveCfg = Release|Any CPU
		{8821EF4F-6217-452D-86F4-452561F70925}.Release|Any CPU.Build.0 = Release|Any CPU
	EndGlobalSection
	GlobalSection(SolutionProperties) = preSolution
		HideSolutionNode = FALSE
	EndGlobalSection
	GlobalSection(NestedProjects) = preSolution
		{AE5906DE-0972-4FE2-A7B2-F9DC023F1775} = {B5C67BB4-5F1A-4FA7-AF08-C1CAC7DFB9EC}
		{8821EF4F-6217-452D-86F4-452561F70925} = {B5C67BB4-5F1A-4FA7-AF08-C1CAC7DFB9EC}
	EndGlobalSection
	GlobalSection(ExtensibilityGlobals) = postSolution
		SolutionGuid = {2D4844B3-D1FE-4DB3-860C-5AA836204ED6}
	EndGlobalSection
EndGlobal
